
Microsoft Visual Studio Solution File, Format Version 12.00
# Visual Studio Version 17
VisualStudioVersion = 17.5.33502.453
MinimumVisualStudioVersion = 10.0.40219.1
Project("{FAE04EC0-301F-11D3-BF4B-00C04F79EFBC}") = "SensorValue", "Senzor\SensorValue.csproj", "{7936C506-7E4C-4C9F-AECB-09812B37F1E1}"
EndProject
Project("{FAE04EC0-301F-11D3-BF4B-00C04F79EFBC}") = "DataPresentation1", "DataPresentation1\DataPresentation1.csproj", "{693780CF-7B59-43D4-9EB1-1D6C85986453}"
EndProject
Project("{FAE04EC0-301F-11D3-BF4B-00C04F79EFBC}") = "DataStore", "DataStore\DataStore.csproj", "{06354B12-EA97-4925-BB61-4E2EB036408B}"
EndProject
Global
	GlobalSection(SolutionConfigurationPlatforms) = preSolution
		Debug|Any CPU = Debug|Any CPU
		Release|Any CPU = Release|Any CPU
	EndGlobalSection
	GlobalSection(ProjectConfigurationPlatforms) = postSolution
		{7936C506-7E4C-4C9F-AECB-09812B37F1E1}.Debug|Any CPU.ActiveCfg = Debug|Any CPU
		{7936C506-7E4C-4C9F-AECB-09812B37F1E1}.Debug|Any CPU.Build.0 = Debug|Any CPU
		{7936C506-7E4C-4C9F-AECB-09812B37F1E1}.Release|Any CPU.ActiveCfg = Release|Any CPU
		{7936C506-7E4C-4C9F-AECB-09812B37F1E1}.Release|Any CPU.Build.0 = Release|Any CPU
		{693780CF-7B59-43D4-9EB1-1D6C85986453}.Debug|Any CPU.ActiveCfg = Debug|Any CPU
		{693780CF-7B59-43D4-9EB1-1D6C85986453}.Debug|Any CPU.Build.0 = Debug|Any CPU
		{693780CF-7B59-43D4-9EB1-1D6C85986453}.Release|Any CPU.ActiveCfg = Release|Any CPU
		{693780CF-7B59-43D4-9EB1-1D6C85986453}.Release|Any CPU.Build.0 = Release|Any CPU
		{06354B12-EA97-4925-BB61-4E2EB036408B}.Debug|Any CPU.ActiveCfg = Debug|Any CPU
		{06354B12-EA97-4925-BB61-4E2EB036408B}.Debug|Any CPU.Build.0 = Debug|Any CPU
		{06354B12-EA97-4925-BB61-4E2EB036408B}.Release|Any CPU.ActiveCfg = Release|Any CPU
		{06354B12-EA97-4925-BB61-4E2EB036408B}.Release|Any CPU.Build.0 = Release|Any CPU
	EndGlobalSection
	GlobalSection(SolutionProperties) = preSolution
		HideSolutionNode = FALSE
	EndGlobalSection
	GlobalSection(ExtensibilityGlobals) = postSolution
		SolutionGuid = {A5B52E41-6CFF-4F22-BA76-54460F071E76}
	EndGlobalSection
EndGlobal
